
Microsoft Visual Studio Solution File, Format Version 12.00
# Visual Studio Version 17
VisualStudioVersion = 17.11.35312.102
MinimumVisualStudioVersion = 10.0.40219.1
Project("{8BC9CEB8-8B4A-11D0-8D11-00A0C91BC942}") = "210-lab-29-30-31", "210-lab-29-30-31.vcxproj", "{E05A0F52-FC96-42C4-B723-147416B68C45}"
EndProject
Global
	GlobalSection(SolutionConfigurationPlatforms) = preSolution
		Debug|x64 = Debug|x64
		Debug|x86 = Debug|x86
		Release|x64 = Release|x64
		Release|x86 = Release|x86
	EndGlobalSection
	GlobalSection(ProjectConfigurationPlatforms) = postSolution
		{E05A0F52-FC96-42C4-B723-147416B68C45}.Debug|x64.ActiveCfg = Debug|x64
		{E05A0F52-FC96-42C4-B723-147416B68C45}.Debug|x64.Build.0 = Debug|x64
		{E05A0F52-FC96-42C4-B723-147416B68C45}.Debug|x86.ActiveCfg = Debug|Win32
		{E05A0F52-FC96-42C4-B723-147416B68C45}.Debug|x86.Build.0 = Debug|Win32
		{E05A0F52-FC96-42C4-B723-147416B68C45}.Release|x64.ActiveCfg = Release|x64
		{E05A0F52-FC96-42C4-B723-147416B68C45}.Release|x64.Build.0 = Release|x64
		{E05A0F52-FC96-42C4-B723-147416B68C45}.Release|x86.ActiveCfg = Release|Win32
		{E05A0F52-FC96-42C4-B723-147416B68C45}.Release|x86.Build.0 = Release|Win32
	EndGlobalSection
	GlobalSection(SolutionProperties) = preSolution
		HideSolutionNode = FALSE
	EndGlobalSection
	GlobalSection(ExtensibilityGlobals) = postSolution
		SolutionGuid = {CB577980-E08A-49A6-B63E-3A3FA900DA6F}
	EndGlobalSection
EndGlobal
